
Microsoft Visual Studio Solution File, Format Version 12.00
# Visual Studio Version 17
VisualStudioVersion = 17.3.32929.385
MinimumVisualStudioVersion = 10.0.40219.1
Project("{FAE04EC0-301F-11D3-BF4B-00C04F79EFBC}") = "Bank", "Bank\Bank.csproj", "{EE6A9BA0-A223-4160-BE52-CB89EA4DFC6A}"
EndProject
Global
	GlobalSection(SolutionConfigurationPlatforms) = preSolution
		Debug|Any CPU = Debug|Any CPU
		Release|Any CPU = Release|Any CPU
	EndGlobalSection
	GlobalSection(ProjectConfigurationPlatforms) = postSolution
		{EE6A9BA0-A223-4160-BE52-CB89EA4DFC6A}.Debug|Any CPU.ActiveCfg = Debug|Any CPU
		{EE6A9BA0-A223-4160-BE52-CB89EA4DFC6A}.Debug|Any CPU.Build.0 = Debug|Any CPU
		{EE6A9BA0-A223-4160-BE52-CB89EA4DFC6A}.Release|Any CPU.ActiveCfg = Release|Any CPU
		{EE6A9BA0-A223-4160-BE52-CB89EA4DFC6A}.Release|Any CPU.Build.0 = Release|Any CPU
	EndGlobalSection
	GlobalSection(SolutionProperties) = preSolution
		HideSolutionNode = FALSE
	EndGlobalSection
	GlobalSection(ExtensibilityGlobals) = postSolution
		SolutionGuid = {DC56D7D5-C107-4527-B47D-1F3E9E32B0C3}
	EndGlobalSection
EndGlobal
